# This file is autogenerated, do not edit; changes may be undone by the next 'dep ensure'.


[[projects]]
  name = "github.com/go-redis/redis"
  packages = [
    ".",
    "internal",
    "internal/consistenthash",
    "internal/hashtag",
    "internal/pool",
    "internal/proto",
    "internal/singleflight",
    "internal/util"
  ]
  revision = "0f9028adf0837cf93c9705817493e5f6997cf026"
  version = "v6.11.0"

[solve-meta]
  analyzer-name = "dep"
  analyzer-version = 1
  inputs-digest = "957e403cc60255511eb9f30a032a78d92c7fd921c33ae7ce9d956bdce4a471fb"
  solver-name = "gps-cdcl"
  solver-version = 1
